Microsoft Visual Studio Solution File, Format Version 11.00
# Visual Studio 2008

Project("{4285AF56-009F-28A2-0F76-5DA256E0B193}") = "40_Unity_Node", "Assembly-CSharp.csproj", "{C36CEC00-1A40-6ECE-92B8-E2194F47D97D}"
EndProject
Project("{4285AF56-009F-28A2-0F76-5DA256E0B193}") = "40_Unity_Node", "Assembly-CSharp-Editor.csproj", "{2401A6B5-89FC-CC79-471A-AC18D3483A5D}"
EndProject
Global
	GlobalSection(SolutionConfigurationPlatforms) = preSolution
		Debug|Any CPU = Debug|Any CPU
		Release|Any CPU = Release|Any CPU
	EndGlobalSection
	GlobalSection(ProjectConfigurationPlatforms) = postSolution
		{C36CEC00-1A40-6ECE-92B8-E2194F47D97D}.Debug|Any CPU.ActiveCfg = Debug|Any CPU
		{C36CEC00-1A40-6ECE-92B8-E2194F47D97D}.Debug|Any CPU.Build.0 = Debug|Any CPU
		{C36CEC00-1A40-6ECE-92B8-E2194F47D97D}.Release|Any CPU.ActiveCfg = Release|Any CPU
		{C36CEC00-1A40-6ECE-92B8-E2194F47D97D}.Release|Any CPU.Build.0 = Release|Any CPU
		{2401A6B5-89FC-CC79-471A-AC18D3483A5D}.Debug|Any CPU.ActiveCfg = Debug|Any CPU
		{2401A6B5-89FC-CC79-471A-AC18D3483A5D}.Debug|Any CPU.Build.0 = Debug|Any CPU
		{2401A6B5-89FC-CC79-471A-AC18D3483A5D}.Release|Any CPU.ActiveCfg = Release|Any CPU
		{2401A6B5-89FC-CC79-471A-AC18D3483A5D}.Release|Any CPU.Build.0 = Release|Any CPU
	EndGlobalSection
	GlobalSection(SolutionProperties) = preSolution
		HideSolutionNode = FALSE
	EndGlobalSection
	GlobalSection(MonoDevelopProperties) = preSolution
		StartupItem = Assembly-CSharp.csproj
	EndGlobalSection
EndGlobal
